
Microsoft Visual Studio Solution File, Format Version 12.00
# Visual Studio Version 17
VisualStudioVersion = 17.10.35122.118
MinimumVisualStudioVersion = 10.0.40219.1
Project("{FAE04EC0-301F-11D3-BF4B-00C04F79EFBC}") = "ProducerConsumer", "ProducerConsumer\ProducerConsumer.csproj", "{A301E0C0-C33B-499A-9A12-A9F9697DA59E}"
EndProject
Global
	GlobalSection(SolutionConfigurationPlatforms) = preSolution
		Debug|Any CPU = Debug|Any CPU
		Release|Any CPU = Release|Any CPU
	EndGlobalSection
	GlobalSection(ProjectConfigurationPlatforms) = postSolution
		{A301E0C0-C33B-499A-9A12-A9F9697DA59E}.Debug|Any CPU.ActiveCfg = Debug|Any CPU
		{A301E0C0-C33B-499A-9A12-A9F9697DA59E}.Debug|Any CPU.Build.0 = Debug|Any CPU
		{A301E0C0-C33B-499A-9A12-A9F9697DA59E}.Release|Any CPU.ActiveCfg = Release|Any CPU
		{A301E0C0-C33B-499A-9A12-A9F9697DA59E}.Release|Any CPU.Build.0 = Release|Any CPU
	EndGlobalSection
	GlobalSection(SolutionProperties) = preSolution
		HideSolutionNode = FALSE
	EndGlobalSection
	GlobalSection(ExtensibilityGlobals) = postSolution
		SolutionGuid = {4858F842-D3C8-41F8-BA44-3BE26D62EECE}
	EndGlobalSection
EndGlobal
